// !$*UTF8*$!
{
	archiveVersion = 1;
	classes = {
	};
	objectVersion = 46;
	objects = {

/* Begin PBXBuildFile section */
		3F63B16E1D8332C500E072C0 /* AppDelegate.swift in Sources */ = {isa = PBXBuildFile; fileRef = 3F63B16D1D8332C500E072C0 /* AppDelegate.swift */; };
		3F63B1701D8332C500E072C0 /* ViewController.swift in Sources */ = {isa = PBXBuildFile; fileRef = 3F63B16F1D8332C500E072C0 /* ViewController.swift */; };
		3F63B1731D8332C500E072C0 /* Main.storyboard in Resources */ = {isa = PBXBuildFile; fileRef = 3F63B1711D8332C500E072C0 /* Main.storyboard */; };
		3F63B1751D8332C500E072C0 /* Assets.xcassets in Resources */ = {isa = PBXBuildFile; fileRef = 3F63B1741D8332C500E072C0 /* Assets.xcassets */; };
		3F63B1781D8332C500E072C0 /* LaunchScreen.storyboard in Resources */ = {isa = PBXBuildFile; fileRef = 3F63B1761D8332C500E072C0 /* LaunchScreen.storyboard */; };
		73D53F251E1A29CB00B24ED9 /* WebRTCDemoTests.swift in Sources */ = {isa = PBXBuildFile; fileRef = 73D53F241E1A29CB00B24ED9 /* WebRTCDemoTests.swift */; };
		FCB1F9D9C8BA5FD77836FF7A /* Pods_WebRTCDemo.framework in Frameworks */ = {isa = PBXBuildFile; fileRef = 09E282F12B26609A291D0174 /* Pods_WebRTCDemo.framework */; };
/* End PBXBuildFile section */

/* Begin PBXContainerItemProxy section */
		73D53F271E1A29CB00B24ED9 /* PBXContainerItemProxy */ = {
			isa = PBXContainerItemProxy;
			containerPortal = 3F63B1621D8332C500E072C0 /* Project object */;
			proxyType = 1;
			remoteGlobalIDString = 3F63B1691D8332C500E072C0;
			remoteInfo = WebRTCDemo;
		};
/* End PBXContainerItemProxy section */

/* Begin PBXFileReference section */
		09E282F12B26609A291D0174 /* Pods_WebRTCDemo.framework */ = {isa = PBXFileReference; explicitFileType = wrapper.framework; includeInIndex = 0; path = Pods_WebRTCDemo.framework; sourceTree = BUILT_PRODUCTS_DIR; };
		3F63B16A1D8332C500E072C0 /* WebRTCDemo.app */ = {isa = PBXFileReference; explicitFileType = wrapper.application; includeInIndex = 0; path = WebRTCDemo.app; sourceTree = BUILT_PRODUCTS_DIR; };
		3F63B16D1D8332C500E072C0 /* AppDelegate.swift */ = {isa = PBXFileReference; lastKnownFileType = sourcecode.swift; path = AppDelegate.swift; sourceTree = "<group>"; };
		3F63B16F1D8332C500E072C0 /* ViewController.swift */ = {isa = PBXFileReference; lastKnownFileType = sourcecode.swift; path = ViewController.swift; sourceTree = "<group>"; };
		3F63B1721D8332C500E072C0 /* Base */ = {isa = PBXFileReference; lastKnownFileType = file.storyboard; name = Base; path = Base.lproj/Main.storyboard; sourceTree = "<group>"; };
		3F63B1741D8332C500E072C0 /* Assets.xcassets */ = {isa = PBXFileReference; lastKnownFileType = folder.assetcatalog; path = Assets.xcassets; sourceTree = "<group>"; };
		3F63B1771D8332C500E072C0 /* Base */ = {isa = PBXFileReference; lastKnownFileType = file.storyboard; name = Base; path = Base.lproj/LaunchScreen.storyboard; sourceTree = "<group>"; };
		3F63B1791D8332C500E072C0 /* Info.plist */ = {isa = PBXFileReference; lastKnownFileType = text.plist.xml; path = Info.plist; sourceTree = "<group>"; };
		3F63B17F1D83343600E072C0 /* WebRTCDemo-Bridging-Header.h */ = {isa = PBXFileReference; lastKnownFileType = sourcecode.c.h; path = "WebRTCDemo-Bridging-Header.h"; sourceTree = "<group>"; };
		73D53F221E1A29CB00B24ED9 /* WebRTCDemoTests.xctest */ = {isa = PBXFileReference; explicitFileType = wrapper.cfbundle; includeInIndex = 0; path = WebRTCDemoTests.xctest; sourceTree = BUILT_PRODUCTS_DIR; };
		73D53F241E1A29CB00B24ED9 /* WebRTCDemoTests.swift */ = {isa = PBXFileReference; lastKnownFileType = sourcecode.swift; path = WebRTCDemoTests.swift; sourceTree = "<group>"; };
		73D53F261E1A29CB00B24ED9 /* Info.plist */ = {isa = PBXFileReference; lastKnownFileType = text.plist.xml; path = Info.plist; sourceTree = "<group>"; };
		822ED353D34155673177080B /* Pods-WebRTCDemo.debug.xcconfig */ = {isa = PBXFileReference; includeInIndex = 1; lastKnownFileType = text.xcconfig; name = "Pods-WebRTCDemo.debug.xcconfig"; path = "Pods/Target Support Files/Pods-WebRTCDemo/Pods-WebRTCDemo.debug.xcconfig"; sourceTree = "<group>"; };
		B56503445B0141590218477F /* Pods-WebRTCDemo.release.xcconfig */ = {isa = PBXFileReference; includeInIndex = 1; lastKnownFileType = text.xcconfig; name = "Pods-WebRTCDemo.release.xcconfig"; path = "Pods/Target Support Files/Pods-WebRTCDemo/Pods-WebRTCDemo.release.xcconfig"; sourceTree = "<group>"; };
/* End PBXFileReference section */

/* Begin PBXFrameworksBuildPhase section */
		3F63B1671D8332C500E072C0 /* Frameworks */ = {
			isa = PBXFrameworksBuildPhase;
			buildActionMask = 2147483647;
			files = (
				FCB1F9D9C8BA5FD77836FF7A /* Pods_WebRTCDemo.framework in Frameworks */,
			);
			runOnlyForDeploymentPostprocessing = 0;
		};
		73D53F1F1E1A29CB00B24ED9 /* Frameworks */ = {
			isa = PBXFrameworksBuildPhase;
			buildActionMask = 2147483647;
			files = (
			);
			runOnlyForDeploymentPostprocessing = 0;
		};
/* End PBXFrameworksBuildPhase section */

/* Begin PBXGroup section */
		099B973B47262B9BEEEF372B /* Pods */ = {
			isa = PBXGroup;
			children = (
				822ED353D34155673177080B /* Pods-WebRTCDemo.debug.xcconfig */,
				B56503445B0141590218477F /* Pods-WebRTCDemo.release.xcconfig */,
			);
			name = Pods;
			sourceTree = "<group>";
		};
		3F63B1611D8332C500E072C0 = {
			isa = PBXGroup;
			children = (
				3F63B16C1D8332C500E072C0 /* WebRTCDemo */,
				73D53F231E1A29CB00B24ED9 /* WebRTCDemoTests */,
				3F63B16B1D8332C500E072C0 /* Products */,
				099B973B47262B9BEEEF372B /* Pods */,
				DF8A603764090310572684D0 /* Frameworks */,
			);
			sourceTree = "<group>";
		};
		3F63B16B1D8332C500E072C0 /* Products */ = {
			isa = PBXGroup;
			children = (
				3F63B16A1D8332C500E072C0 /* WebRTCDemo.app */,
				73D53F221E1A29CB00B24ED9 /* WebRTCDemoTests.xctest */,
			);
			name = Products;
			sourceTree = "<group>";
		};
		3F63B16C1D8332C500E072C0 /* WebRTCDemo */ = {
			isa = PBXGroup;
			children = (
				3F63B16D1D8332C500E072C0 /* AppDelegate.swift */,
				3F63B16F1D8332C500E072C0 /* ViewController.swift */,
				3F63B1711D8332C500E072C0 /* Main.storyboard */,
				3F63B1741D8332C500E072C0 /* Assets.xcassets */,
				3F63B1761D8332C500E072C0 /* LaunchScreen.storyboard */,
				3F63B1791D8332C500E072C0 /* Info.plist */,
				3F63B17F1D83343600E072C0 /* WebRTCDemo-Bridging-Header.h */,
			);
			path = WebRTCDemo;
			sourceTree = "<group>";
		};
		73D53F231E1A29CB00B24ED9 /* WebRTCDemoTests */ = {
			isa = PBXGroup;
			children = (
				73D53F241E1A29CB00B24ED9 /* WebRTCDemoTests.swift */,
				73D53F261E1A29CB00B24ED9 /* Info.plist */,
			);
			path = WebRTCDemoTests;
			sourceTree = "<group>";
		};
		DF8A603764090310572684D0 /* Frameworks */ = {
			isa = PBXGroup;
			children = (
				09E282F12B26609A291D0174 /* Pods_WebRTCDemo.framework */,
			);
			name = Frameworks;
			sourceTree = "<group>";
		};
/* End PBXGroup section */

/* Begin PBXNativeTarget section */
		3F63B1691D8332C500E072C0 /* WebRTCDemo */ = {
			isa = PBXNativeTarget;
			buildConfigurationList = 3F63B17C1D8332C500E072C0 /* Build configuration list for PBXNativeTarget "WebRTCDemo" */;
			buildPhases = (
				F3F3D65ADC59F828C292A909 /* [CP] Check Pods Manifest.lock */,
				3F63B1661D8332C500E072C0 /* Sources */,
				3F63B1671D8332C500E072C0 /* Frameworks */,
				3F63B1681D8332C500E072C0 /* Resources */,
				FA8BF1A66C86959B5DBC473C /* [CP] Embed Pods Frameworks */,
			);
			buildRules = (
			);
			dependencies = (
			);
			name = WebRTCDemo;
			productName = WebRTCDemo;
			productReference = 3F63B16A1D8332C500E072C0 /* WebRTCDemo.app */;
			productType = "com.apple.product-type.application";
		};
		73D53F211E1A29CB00B24ED9 /* WebRTCDemoTests */ = {
			isa = PBXNativeTarget;
			buildConfigurationList = 73D53F291E1A29CB00B24ED9 /* Build configuration list for PBXNativeTarget "WebRTCDemoTests" */;
			buildPhases = (
				73D53F1E1E1A29CB00B24ED9 /* Sources */,
				73D53F1F1E1A29CB00B24ED9 /* Frameworks */,
				73D53F201E1A29CB00B24ED9 /* Resources */,
			);
			buildRules = (
			);
			dependencies = (
				73D53F281E1A29CB00B24ED9 /* PBXTargetDependency */,
			);
			name = WebRTCDemoTests;
			productName = WebRTCDemoTests;
			productReference = 73D53F221E1A29CB00B24ED9 /* WebRTCDemoTests.xctest */;
			productType = "com.apple.product-type.bundle.unit-test";
		};
/* End PBXNativeTarget section */

/* Begin PBXProject section */
		3F63B1621D8332C500E072C0 /* Project object */ = {
			isa = PBXProject;
			attributes = {
				LastSwiftUpdateCheck = 0820;
				LastUpgradeCheck = 0930;
				ORGANIZATIONNAME = WebRTCDemo;
				TargetAttributes = {
					3F63B1691D8332C500E072C0 = {
						CreatedOnToolsVersion = 8.0;
						DevelopmentTeam = 22593463Q9;
						LastSwiftMigration = 0920;
						ProvisioningStyle = Automatic;
					};
					73D53F211E1A29CB00B24ED9 = {
						CreatedOnToolsVersion = 8.2.1;
						DevelopmentTeam = 22593463Q9;
						ProvisioningStyle = Automatic;
						TestTargetID = 3F63B1691D8332C500E072C0;
					};
				};
			};
			buildConfigurationList = 3F63B1651D8332C500E072C0 /* Build configuration list for PBXProject "WebRTCDemo" */;
			compatibilityVersion = "Xcode 3.2";
			developmentRegion = English;
			hasScannedForEncodings = 0;
			knownRegions = (
				en,
				Base,
			);
			mainGroup = 3F63B1611D8332C500E072C0;
			productRefGroup = 3F63B16B1D8332C500E072C0 /* Products */;
			projectDirPath = "";
			projectRoot = "";
			targets = (
				3F63B1691D8332C500E072C0 /* WebRTCDemo */,
				73D53F211E1A29CB00B24ED9 /* WebRTCDemoTests */,
			);
		};
/* End PBXProject section */

/* Begin PBXResourcesBuildPhase section */
		3F63B1681D8332C500E072C0 /* Resources */ = {
			isa = PBXResourcesBuildPhase;
			buildActionMask = 2147483647;
			files = (
				3F63B1781D8332C500E072C0 /* LaunchScreen.storyboard in Resources */,
				3F63B1751D8332C500E072C0 /* Assets.xcassets in Resources */,
				3F63B1731D8332C500E072C0 /* Main.storyboard in Resources */,
			);
			runOnlyForDeploymentPostprocessing = 0;
		};
		73D53F201E1A29CB00B24ED9 /* Resources */ = {
			isa = PBXResourcesBuildPhase;
			buildActionMask = 2147483647;
			files = (
			);
			runOnlyForDeploymentPostprocessing = 0;
		};
/* End PBXResourcesBuildPhase section */

/* Begin PBXShellScriptBuildPhase section */
		F3F3D65ADC59F828C292A909 /* [CP] Check Pods Manifest.lock */ = {
			isa = PBXShellScriptBuildPhase;
			buildActionMask = 2147483647;
			files = (
			);
			inputPaths = (
				"${PODS_PODFILE_DIR_PATH}/Podfile.lock",
				"${PODS_ROOT}/Manifest.lock",
			);
			name = "[CP] Check Pods Manifest.lock";
			outputPaths = (
				"$(DERIVED_FILE_DIR)/Pods-WebRTCDemo-checkManifestLockResult.txt",
			);
			runOnlyForDeploymentPostprocessing = 0;
			shellPath = /bin/sh;
			shellScript = "diff \"${PODS_PODFILE_DIR_PATH}/Podfile.lock\" \"${PODS_ROOT}/Manifest.lock\" > /dev/null\nif [ $? != 0 ] ; then\n    # print error to STDERR\n    echo \"error: The sandbox is not in sync with the Podfile.lock. Run 'pod install' or update your CocoaPods installation.\" >&2\n    exit 1\nfi\n# This output is used by Xcode 'outputs' to avoid re-running this script phase.\necho \"SUCCESS\" > \"${SCRIPT_OUTPUT_FILE_0}\"\n";
			showEnvVarsInLog = 0;
		};
		FA8BF1A66C86959B5DBC473C /* [CP] Embed Pods Frameworks */ = {
			isa = PBXShellScriptBuildPhase;
			buildActionMask = 2147483647;
			files = (
			);
			inputPaths = (
				"${SRCROOT}/Pods/Target Support Files/Pods-WebRTCDemo/Pods-WebRTCDemo-frameworks.sh",
				"${PODS_ROOT}/../../WebRTC.framework",
			);
			name = "[CP] Embed Pods Frameworks";
			outputPaths = (
				"${TARGET_BUILD_DIR}/${FRAMEWORKS_FOLDER_PATH}/WebRTC.framework",
			);
			runOnlyForDeploymentPostprocessing = 0;
			shellPath = /bin/sh;
			shellScript = "\"${SRCROOT}/Pods/Target Support Files/Pods-WebRTCDemo/Pods-WebRTCDemo-frameworks.sh\"\n";
			showEnvVarsInLog = 0;
		};
/* End PBXShellScriptBuildPhase section */

/* Begin PBXSourcesBuildPhase section */
		3F63B1661D8332C500E072C0 /* Sources */ = {
			isa = PBXSourcesBuildPhase;
			buildActionMask = 2147483647;
			files = (
				3F63B1701D8332C500E072C0 /* ViewController.swift in Sources */,
				3F63B16E1D8332C500E072C0 /* AppDelegate.swift in Sources */,
			);
			runOnlyForDeploymentPostprocessing = 0;
		};
		73D53F1E1E1A29CB00B24ED9 /* Sources */ = {
			isa = PBXSourcesBuildPhase;
			buildActionMask = 2147483647;
			files = (
				73D53F251E1A29CB00B24ED9 /* WebRTCDemoTests.swift in Sources */,
			);
			runOnlyForDeploymentPostprocessing = 0;
		};
/* End PBXSourcesBuildPhase section */

/* Begin PBXTargetDependency section */
		73D53F281E1A29CB00B24ED9 /* PBXTargetDependency */ = {
			isa = PBXTargetDependency;
			target = 3F63B1691D8332C500E072C0 /* WebRTCDemo */;
			targetProxy = 73D53F271E1A29CB00B24ED9 /* PBXContainerItemProxy */;
		};
/* End PBXTargetDependency section */

/* Begin PBXVariantGroup section */
		3F63B1711D8332C500E072C0 /* Main.storyboard */ = {
			isa = PBXVariantGroup;
			children = (
				3F63B1721D8332C500E072C0 /* Base */,
			);
			name = Main.storyboard;
			sourceTree = "<group>";
		};
		3F63B1761D8332C500E072C0 /* LaunchScreen.storyboard */ = {
			isa = PBXVariantGroup;
			children = (
				3F63B1771D8332C500E072C0 /* Base */,
			);
			name = LaunchScreen.storyboard;
			sourceTree = "<group>";
		};
/* End PBXVariantGroup section */

/* Begin XCBuildConfiguration section */
		3F63B17A1D8332C500E072C0 /* Debug */ = {
			isa = XCBuildConfiguration;
			buildSettings = {
				ALWAYS_SEARCH_USER_PATHS = NO;
				CLANG_ANALYZER_NONNULL = YES;
				CLANG_CXX_LANGUAGE_STANDARD = "gnu++0x";
				CLANG_CXX_LIBRARY = "libc++";
				CLANG_ENABLE_MODULES = YES;
				CLANG_ENABLE_OBJC_ARC = YES;
				CLANG_WARN_BLOCK_CAPTURE_AUTORELEASING = YES;
				CLANG_WARN_BOOL_CONVERSION = YES;
				CLANG_WARN_COMMA = YES;
				CLANG_WARN_CONSTANT_CONVERSION = YES;
				CLANG_WARN_DEPRECATED_OBJC_IMPLEMENTATIONS = YES;
				CLANG_WARN_DIRECT_OBJC_ISA_USAGE = YES_ERROR;
				CLANG_WARN_DOCUMENTATION_COMMENTS = YES;
				CLANG_WARN_EMPTY_BODY = YES;
				CLANG_WARN_ENUM_CONVERSION = YES;
				CLANG_WARN_INFINITE_RECURSION = YES;
				CLANG_WARN_INT_CONVERSION = YES;
				CLANG_WARN_NON_LITERAL_NULL_CONVERSION = YES;
				CLANG_WARN_OBJC_IMPLICIT_RETAIN_SELF = YES;
				CLANG_WARN_OBJC_LITERAL_CONVERSION = YES;
				CLANG_WARN_OBJC_ROOT_CLASS = YES_ERROR;
				CLANG_WARN_RANGE_LOOP_ANALYSIS = YES;
				CLANG_WARN_STRICT_PROTOTYPES = YES;
				CLANG_WARN_SUSPICIOUS_MOVE = YES;
				CLANG_WARN_SUSPICIOUS_MOVES = YES;
				CLANG_WARN_UNREACHABLE_CODE = YES;
				CLANG_WARN__DUPLICATE_METHOD_MATCH = YES;
				"CODE_SIGN_IDENTITY[sdk=iphoneos*]" = "iPhone Developer";
				COPY_PHASE_STRIP = NO;
				DEBUG_INFORMATION_FORMAT = dwarf;
				ENABLE_STRICT_OBJC_MSGSEND = YES;
				ENABLE_TESTABILITY = YES;
				GCC_C_LANGUAGE_STANDARD = gnu99;
				GCC_DYNAMIC_NO_PIC = NO;
				GCC_NO_COMMON_BLOCKS = YES;
				GCC_OPTIMIZATION_LEVEL = 0;
				GCC_PREPROCESSOR_DEFINITIONS = (
					"DEBUG=1",
					"$(inherited)",
				);
				GCC_WARN_64_TO_32_BIT_CONVERSION = YES;
				GCC_WARN_ABOUT_RETURN_TYPE = YES_ERROR;
				GCC_WARN_UNDECLARED_SELECTOR = YES;
				GCC_WARN_UNINITIALIZED_AUTOS = YES_AGGRESSIVE;
				GCC_WARN_UNUSED_FUNCTION = YES;
				GCC_WARN_UNUSED_VARIABLE = YES;
				IPHONEOS_DEPLOYMENT_TARGET = 10.0;
				MTL_ENABLE_DEBUG_INFO = YES;
				ONLY_ACTIVE_ARCH = YES;
				SDKROOT = iphoneos;
				SWIFT_ACTIVE_COMPILATION_CONDITIONS = DEBUG;
				SWIFT_OPTIMIZATION_LEVEL = "-Onone";
				TARGETED_DEVICE_FAMILY = "1,2";
			};
			name = Debug;
		};
		3F63B17B1D8332C500E072C0 /* Release */ = {
			isa = XCBuildConfiguration;
			buildSettings = {
				ALWAYS_SEARCH_USER_PATHS = NO;
				CLANG_ANALYZER_NONNULL = YES;
				CLANG_CXX_LANGUAGE_STANDARD = "gnu++0x";
				CLANG_CXX_LIBRARY = "libc++";
				CLANG_ENABLE_MODULES = YES;
				CLANG_ENABLE_OBJC_ARC = YES;
				CLANG_WARN_BLOCK_CAPTURE_AUTORELEASING = YES;
				CLANG_WARN_BOOL_CONVERSION = YES;
				CLANG_WARN_COMMA = YES;
				CLANG_WARN_CONSTANT_CONVERSION = YES;
				CLANG_WARN_DEPRECATED_OBJC_IMPLEMENTATIONS = YES;
				CLANG_WARN_DIRECT_OBJC_ISA_USAGE = YES_ERROR;
				CLANG_WARN_DOCUMENTATION_COMMENTS = YES;
				CLANG_WARN_EMPTY_BODY = YES;
				CLANG_WARN_ENUM_CONVERSION = YES;
				CLANG_WARN_INFINITE_RECURSION = YES;
				CLANG_WARN_INT_CONVERSION = YES;
				CLANG_WARN_NON_LITERAL_NULL_CONVERSION = YES;
				CLANG_WARN_OBJC_IMPLICIT_RETAIN_SELF = YES;
				CLANG_WARN_OBJC_LITERAL_CONVERSION = YES;
				CLANG_WARN_OBJC_ROOT_CLASS = YES_ERROR;
				CLANG_WARN_RANGE_LOOP_ANALYSIS = YES;
				CLANG_WARN_STRICT_PROTOTYPES = YES;
				CLANG_WARN_SUSPICIOUS_MOVE = YES;
				CLANG_WARN_SUSPICIOUS_MOVES = YES;
				CLANG_WARN_UNREACHABLE_CODE = YES;
				CLANG_WARN__DUPLICATE_METHOD_MATCH = YES;
				"CODE_SIGN_IDENTITY[sdk=iphoneos*]" = "iPhone Developer";
				COPY_PHASE_STRIP = NO;
				DEBUG_INFORMATION_FORMAT = "dwarf-with-dsym";
				ENABLE_NS_ASSERTIONS = NO;
				ENABLE_STRICT_OBJC_MSGSEND = YES;
				GCC_C_LANGUAGE_STANDARD = gnu99;
				GCC_NO_COMMON_BLOCKS = YES;
				GCC_WARN_64_TO_32_BIT_CONVERSION = YES;
				GCC_WARN_ABOUT_RETURN_TYPE = YES_ERROR;
				GCC_WARN_UNDECLARED_SELECTOR = YES;
				GCC_WARN_UNINITIALIZED_AUTOS = YES_AGGRESSIVE;
				GCC_WARN_UNUSED_FUNCTION = YES;
				GCC_WARN_UNUSED_VARIABLE = YES;
				IPHONEOS_DEPLOYMENT_TARGET = 10.0;
				MTL_ENABLE_DEBUG_INFO = NO;
				SDKROOT = iphoneos;
				SWIFT_OPTIMIZATION_LEVEL = "-Owholemodule";
				TARGETED_DEVICE_FAMILY = "1,2";
				VALIDATE_PRODUCT = YES;
			};
			name = Release;
		};
		3F63B17D1D8332C500E072C0 /* Debug */ = {
			isa = XCBuildConfiguration;
			baseConfigurationReference = 822ED353D34155673177080B /* Pods-WebRTCDemo.debug.xcconfig */;
			buildSettings = {
				ASSETCATALOG_COMPILER_APPICON_NAME = AppIcon;
				CLANG_ENABLE_MODULES = YES;
				DEFINES_MODULE = NO;
				DEVELOPMENT_TEAM = 22593463Q9;
				ENABLE_BITCODE = NO;
				INFOPLIST_FILE = WebRTCDemo/Info.plist;
				LD_RUNPATH_SEARCH_PATHS = "$(inherited) @executable_path/Frameworks";
				PRODUCT_BUNDLE_IDENTIFIER = com.jeremywen.WebRTCDemo;
				PRODUCT_NAME = "$(TARGET_NAME)";
				SWIFT_OBJC_BRIDGING_HEADER = "WebRTCDemo/WebRTCDemo-Bridging-Header.h";
				SWIFT_OPTIMIZATION_LEVEL = "-Onone";
				SWIFT_SWIFT3_OBJC_INFERENCE = On;
				SWIFT_VERSION = 4.0;
			};
			name = Debug;
		};
		3F63B17E1D8332C500E072C0 /* Release */ = {
			isa = XCBuildConfiguration;
			baseConfigurationReference = B56503445B0141590218477F /* Pods-WebRTCDemo.release.xcconfig */;
			buildSettings = {
				ASSETCATALOG_COMPILER_APPICON_NAME = AppIcon;
				CLANG_ENABLE_MODULES = YES;
				DEFINES_MODULE = NO;
				DEVELOPMENT_TEAM = 22593463Q9;
				ENABLE_BITCODE = NO;
				INFOPLIST_FILE = WebRTCDemo/Info.plist;
				LD_RUNPATH_SEARCH_PATHS = "$(inherited) @executable_path/Frameworks";
				PRODUCT_BUNDLE_IDENTIFIER = com.jeremywen.WebRTCDemo;
				PRODUCT_NAME = "$(TARGET_NAME)";
				SWIFT_OBJC_BRIDGING_HEADER = "WebRTCDemo/WebRTCDemo-Bridging-Header.h";
				SWIFT_SWIFT3_OBJC_INFERENCE = On;
				SWIFT_VERSION = 4.0;
			};
			name = Release;
		};
		73D53F2A1E1A29CB00B24ED9 /* Debug */ = {
			isa = XCBuildConfiguration;
			buildSettings = {
				BUNDLE_LOADER = "$(TEST_HOST)";
				DEVELOPMENT_TEAM = 22593463Q9;
				INFOPLIST_FILE = WebRTCDemoTests/Info.plist;
				IPHONEOS_DEPLOYMENT_TARGET = 10.2;
				LD_RUNPATH_SEARCH_PATHS = "$(inherited) @executable_path/Frameworks @loader_path/Frameworks";
				PRODUCT_BUNDLE_IDENTIFIER = xinwen.WebRTCDemoTests;
				PRODUCT_NAME = "$(TARGET_NAME)";
				SWIFT_VERSION = 3.0;
				TEST_HOST = "$(BUILT_PRODUCTS_DIR)/WebRTCDemo.app/WebRTCDemo";
			};
			name = Debug;
		};
		73D53F2B1E1A29CB00B24ED9 /* Release */ = {
			isa = XCBuildConfiguration;
			buildSettings = {
				BUNDLE_LOADER = "$(TEST_HOST)";
				DEVELOPMENT_TEAM = 22593463Q9;
				INFOPLIST_FILE = WebRTCDemoTests/Info.plist;
				IPHONEOS_DEPLOYMENT_TARGET = 10.2;
				LD_RUNPATH_SEARCH_PATHS = "$(inherited) @executable_path/Frameworks @loader_path/Frameworks";
				PRODUCT_BUNDLE_IDENTIFIER = xinwen.WebRTCDemoTests;
				PRODUCT_NAME = "$(TARGET_NAME)";
				SWIFT_VERSION = 3.0;
				TEST_HOST = "$(BUILT_PRODUCTS_DIR)/WebRTCDemo.app/WebRTCDemo";
			};
			name = Release;
		};
/* End XCBuildConfiguration section */

/* Begin XCConfigurationList section */
		3F63B1651D8332C500E072C0 /* Build configuration list for PBXProject "WebRTCDemo" */ = {
			isa = XCConfigurationList;
			buildConfigurations = (
				3F63B17A1D8332C500E072C0 /* Debug */,
				3F63B17B1D8332C500E072C0 /* Release */,
			);
			defaultConfigurationIsVisible = 0;
			defaultConfigurationName = Release;
		};
		3F63B17C1D8332C500E072C0 /* Build configuration list for PBXNativeTarget "WebRTCDemo" */ = {
			isa = XCConfigurationList;
			buildConfigurations = (
				3F63B17D1D8332C500E072C0 /* Debug */,
				3F63B17E1D8332C500E072C0 /* Release */,
			);
			defaultConfigurationIsVisible = 0;
			defaultConfigurationName = Release;
		};
		73D53F291E1A29CB00B24ED9 /* Build configuration list for PBXNativeTarget "WebRTCDemoTests" */ = {
			isa = XCConfigurationList;
			buildConfigurations = (
				73D53F2A1E1A29CB00B24ED9 /* Debug */,
				73D53F2B1E1A29CB00B24ED9 /* Release */,
			);
			defaultConfigurationIsVisible = 0;
			defaultConfigurationName = Release;
		};
/* End XCConfigurationList section */
	};
	rootObject = 3F63B1621D8332C500E072C0 /* Project object */;
}
